
Microsoft Visual Studio Solution File, Format Version 12.00
# Visual Studio 2013
VisualStudioVersion = 12.0.30501.0
MinimumVisualStudioVersion = 10.0.40219.1
Project("{FAE04EC0-301F-11D3-BF4B-00C04F79EFBC}") = "faui2k15sharp", "faui2k15sharp\faui2k15sharp.csproj", "{7D0C9B67-6C51-44C9-89FB-EF7232654763}"
EndProject
Project("{FAE04EC0-301F-11D3-BF4B-00C04F79EFBC}") = "ChatSharp", "..\ChatSharp-master\ChatSharp\ChatSharp.csproj", "{4033AFFA-BEA3-4BDF-84EA-59A23360FD36}"
EndProject
Project("{FAE04EC0-301F-11D3-BF4B-00C04F79EFBC}") = "BotClient", "BotClient\BotClient.csproj", "{45CDD4DB-D34C-433D-8797-71F62985FB93}"
EndProject
Global
	GlobalSection(SolutionConfigurationPlatforms) = preSolution
		Debug|Any CPU = Debug|Any CPU
		Release|Any CPU = Release|Any CPU
	EndGlobalSection
	GlobalSection(ProjectConfigurationPlatforms) = postSolution
		{7D0C9B67-6C51-44C9-89FB-EF7232654763}.Debug|Any CPU.ActiveCfg = Debug|Any CPU
		{7D0C9B67-6C51-44C9-89FB-EF7232654763}.Debug|Any CPU.Build.0 = Debug|Any CPU
		{7D0C9B67-6C51-44C9-89FB-EF7232654763}.Release|Any CPU.ActiveCfg = Release|Any CPU
		{7D0C9B67-6C51-44C9-89FB-EF7232654763}.Release|Any CPU.Build.0 = Release|Any CPU
		{4033AFFA-BEA3-4BDF-84EA-59A23360FD36}.Debug|Any CPU.ActiveCfg = Debug|Any CPU
		{4033AFFA-BEA3-4BDF-84EA-59A23360FD36}.Debug|Any CPU.Build.0 = Debug|Any CPU
		{4033AFFA-BEA3-4BDF-84EA-59A23360FD36}.Release|Any CPU.ActiveCfg = Release|Any CPU
		{4033AFFA-BEA3-4BDF-84EA-59A23360FD36}.Release|Any CPU.Build.0 = Release|Any CPU
		{45CDD4DB-D34C-433D-8797-71F62985FB93}.Debug|Any CPU.ActiveCfg = Debug|Any CPU
		{45CDD4DB-D34C-433D-8797-71F62985FB93}.Debug|Any CPU.Build.0 = Debug|Any CPU
		{45CDD4DB-D34C-433D-8797-71F62985FB93}.Release|Any CPU.ActiveCfg = Release|Any CPU
		{45CDD4DB-D34C-433D-8797-71F62985FB93}.Release|Any CPU.Build.0 = Release|Any CPU
	EndGlobalSection
	GlobalSection(SolutionProperties) = preSolution
		HideSolutionNode = FALSE
	EndGlobalSection
EndGlobal
